
Microsoft Visual Studio Solution File, Format Version 12.00
# Visual Studio 14
VisualStudioVersion = 14.0.25420.1
MinimumVisualStudioVersion = 10.0.40219.1
Project("{F088123C-0E9E-452A-89E6-6BA2F21D5CAC}") = "WaterfallNIM", "WaterfallNIM\WaterfallNIM.modelproj", "{C9A63962-23D7-4FC9-82E9-F5AEF9800368}"
EndProject
Project("{FAE04EC0-301F-11D3-BF4B-00C04F79EFBC}") = "WaterfallNIMLib", "WaterfallNIMLib\WaterfallNIMLib.csproj", "{C8ABB65E-57E6-4F7E-BD46-532A0C95AE2B}"
EndProject
Global
	GlobalSection(SolutionConfigurationPlatforms) = preSolution
		Debug|Any CPU = Debug|Any CPU
		Release|Any CPU = Release|Any CPU
	EndGlobalSection
	GlobalSection(ProjectConfigurationPlatforms) = postSolution
		{C9A63962-23D7-4FC9-82E9-F5AEF9800368}.Debug|Any CPU.ActiveCfg = Debug|Any CPU
		{C9A63962-23D7-4FC9-82E9-F5AEF9800368}.Debug|Any CPU.Build.0 = Debug|Any CPU
		{C9A63962-23D7-4FC9-82E9-F5AEF9800368}.Release|Any CPU.ActiveCfg = Release|Any CPU
		{C9A63962-23D7-4FC9-82E9-F5AEF9800368}.Release|Any CPU.Build.0 = Release|Any CPU
		{C8ABB65E-57E6-4F7E-BD46-532A0C95AE2B}.Debug|Any CPU.ActiveCfg = Debug|Any CPU
		{C8ABB65E-57E6-4F7E-BD46-532A0C95AE2B}.Debug|Any CPU.Build.0 = Debug|Any CPU
		{C8ABB65E-57E6-4F7E-BD46-532A0C95AE2B}.Release|Any CPU.ActiveCfg = Release|Any CPU
		{C8ABB65E-57E6-4F7E-BD46-532A0C95AE2B}.Release|Any CPU.Build.0 = Release|Any CPU
	EndGlobalSection
	GlobalSection(SolutionProperties) = preSolution
		HideSolutionNode = FALSE
	EndGlobalSection
EndGlobal
