
Microsoft Visual Studio Solution File, Format Version 12.00
# Visual Studio 15
VisualStudioVersion = 15.0.26730.12
MinimumVisualStudioVersion = 10.0.40219.1
Project("{FAE04EC0-301F-11D3-BF4B-00C04F79EFBC}") = "GameOfNimWaterfall", "GameOfNimWaterfall\GameOfNimWaterfall.csproj", "{C3B0203A-E748-46F1-AC70-08E12178AD9F}"
EndProject
Global
	GlobalSection(SolutionConfigurationPlatforms) = preSolution
		Debug|Any CPU = Debug|Any CPU
		Release|Any CPU = Release|Any CPU
	EndGlobalSection
	GlobalSection(ProjectConfigurationPlatforms) = postSolution
		{C3B0203A-E748-46F1-AC70-08E12178AD9F}.Debug|Any CPU.ActiveCfg = Debug|Any CPU
		{C3B0203A-E748-46F1-AC70-08E12178AD9F}.Debug|Any CPU.Build.0 = Debug|Any CPU
		{C3B0203A-E748-46F1-AC70-08E12178AD9F}.Release|Any CPU.ActiveCfg = Release|Any CPU
		{C3B0203A-E748-46F1-AC70-08E12178AD9F}.Release|Any CPU.Build.0 = Release|Any CPU
	EndGlobalSection
	GlobalSection(SolutionProperties) = preSolution
		HideSolutionNode = FALSE
	EndGlobalSection
	GlobalSection(ExtensibilityGlobals) = postSolution
		SolutionGuid = {32BD7972-C223-480C-BB95-F3790649052F}
	EndGlobalSection
EndGlobal
